
Microsoft Visual Studio Solution File, Format Version 12.00
# Visual Studio 15
VisualStudioVersion = 15.0.26124.0
MinimumVisualStudioVersion = 15.0.26124.0
Project("{FAE04EC0-301F-11D3-BF4B-00C04F79EFBC}") = "Domain", "Domain\Domain.csproj", "{8A940504-EFCF-4B46-B5C1-ABAA351109A1}"
EndProject
Project("{FAE04EC0-301F-11D3-BF4B-00C04F79EFBC}") = "Application", "Application\Application.csproj", "{31928595-FBF8-44AC-B81A-A913C0077052}"
EndProject
Project("{FAE04EC0-301F-11D3-BF4B-00C04F79EFBC}") = "Persistence", "Persistence\Persistence.csproj", "{E01715AB-E1F5-47A0-AFA6-4FA3AC2C68A5}"
EndProject
Project("{FAE04EC0-301F-11D3-BF4B-00C04F79EFBC}") = "API", "API\API.csproj", "{48FC9224-3B75-42E2-8736-99C8BDB323FC}"
EndProject
Global
	GlobalSection(SolutionConfigurationPlatforms) = preSolution
		Debug|Any CPU = Debug|Any CPU
		Debug|x64 = Debug|x64
		Debug|x86 = Debug|x86
		Release|Any CPU = Release|Any CPU
		Release|x64 = Release|x64
		Release|x86 = Release|x86
	EndGlobalSection
	GlobalSection(SolutionProperties) = preSolution
		HideSolutionNode = FALSE
	EndGlobalSection
	GlobalSection(ProjectConfigurationPlatforms) = postSolution
		{8A940504-EFCF-4B46-B5C1-ABAA351109A1}.Debug|Any CPU.ActiveCfg = Debug|Any CPU
		{8A940504-EFCF-4B46-B5C1-ABAA351109A1}.Debug|Any CPU.Build.0 = Debug|Any CPU
		{8A940504-EFCF-4B46-B5C1-ABAA351109A1}.Debug|x64.ActiveCfg = Debug|Any CPU
		{8A940504-EFCF-4B46-B5C1-ABAA351109A1}.Debug|x64.Build.0 = Debug|Any CPU
		{8A940504-EFCF-4B46-B5C1-ABAA351109A1}.Debug|x86.ActiveCfg = Debug|Any CPU
		{8A940504-EFCF-4B46-B5C1-ABAA351109A1}.Debug|x86.Build.0 = Debug|Any CPU
		{8A940504-EFCF-4B46-B5C1-ABAA351109A1}.Release|Any CPU.ActiveCfg = Release|Any CPU
		{8A940504-EFCF-4B46-B5C1-ABAA351109A1}.Release|Any CPU.Build.0 = Release|Any CPU
		{8A940504-EFCF-4B46-B5C1-ABAA351109A1}.Release|x64.ActiveCfg = Release|Any CPU
		{8A940504-EFCF-4B46-B5C1-ABAA351109A1}.Release|x64.Build.0 = Release|Any CPU
		{8A940504-EFCF-4B46-B5C1-ABAA351109A1}.Release|x86.ActiveCfg = Release|Any CPU
		{8A940504-EFCF-4B46-B5C1-ABAA351109A1}.Release|x86.Build.0 = Release|Any CPU
		{31928595-FBF8-44AC-B81A-A913C0077052}.Debug|Any CPU.ActiveCfg = Debug|Any CPU
		{31928595-FBF8-44AC-B81A-A913C0077052}.Debug|Any CPU.Build.0 = Debug|Any CPU
		{31928595-FBF8-44AC-B81A-A913C0077052}.Debug|x64.ActiveCfg = Debug|Any CPU
		{31928595-FBF8-44AC-B81A-A913C0077052}.Debug|x64.Build.0 = Debug|Any CPU
		{31928595-FBF8-44AC-B81A-A913C0077052}.Debug|x86.ActiveCfg = Debug|Any CPU
		{31928595-FBF8-44AC-B81A-A913C0077052}.Debug|x86.Build.0 = Debug|Any CPU
		{31928595-FBF8-44AC-B81A-A913C0077052}.Release|Any CPU.ActiveCfg = Release|Any CPU
		{31928595-FBF8-44AC-B81A-A913C0077052}.Release|Any CPU.Build.0 = Release|Any CPU
		{31928595-FBF8-44AC-B81A-A913C0077052}.Release|x64.ActiveCfg = Release|Any CPU
		{31928595-FBF8-44AC-B81A-A913C0077052}.Release|x64.Build.0 = Release|Any CPU
		{31928595-FBF8-44AC-B81A-A913C0077052}.Release|x86.ActiveCfg = Release|Any CPU
		{31928595-FBF8-44AC-B81A-A913C0077052}.Release|x86.Build.0 = Release|Any CPU
		{E01715AB-E1F5-47A0-AFA6-4FA3AC2C68A5}.Debug|Any CPU.ActiveCfg = Debug|Any CPU
		{E01715AB-E1F5-47A0-AFA6-4FA3AC2C68A5}.Debug|Any CPU.Build.0 = Debug|Any CPU
		{E01715AB-E1F5-47A0-AFA6-4FA3AC2C68A5}.Debug|x64.ActiveCfg = Debug|Any CPU
		{E01715AB-E1F5-47A0-AFA6-4FA3AC2C68A5}.Debug|x64.Build.0 = Debug|Any CPU
		{E01715AB-E1F5-47A0-AFA6-4FA3AC2C68A5}.Debug|x86.ActiveCfg = Debug|Any CPU
		{E01715AB-E1F5-47A0-AFA6-4FA3AC2C68A5}.Debug|x86.Build.0 = Debug|Any CPU
		{E01715AB-E1F5-47A0-AFA6-4FA3AC2C68A5}.Release|Any CPU.ActiveCfg = Release|Any CPU
		{E01715AB-E1F5-47A0-AFA6-4FA3AC2C68A5}.Release|Any CPU.Build.0 = Release|Any CPU
		{E01715AB-E1F5-47A0-AFA6-4FA3AC2C68A5}.Release|x64.ActiveCfg = Release|Any CPU
		{E01715AB-E1F5-47A0-AFA6-4FA3AC2C68A5}.Release|x64.Build.0 = Release|Any CPU
		{E01715AB-E1F5-47A0-AFA6-4FA3AC2C68A5}.Release|x86.ActiveCfg = Release|Any CPU
		{E01715AB-E1F5-47A0-AFA6-4FA3AC2C68A5}.Release|x86.Build.0 = Release|Any CPU
		{48FC9224-3B75-42E2-8736-99C8BDB323FC}.Debug|Any CPU.ActiveCfg = Debug|Any CPU
		{48FC9224-3B75-42E2-8736-99C8BDB323FC}.Debug|Any CPU.Build.0 = Debug|Any CPU
		{48FC9224-3B75-42E2-8736-99C8BDB323FC}.Debug|x64.ActiveCfg = Debug|Any CPU
		{48FC9224-3B75-42E2-8736-99C8BDB323FC}.Debug|x64.Build.0 = Debug|Any CPU
		{48FC9224-3B75-42E2-8736-99C8BDB323FC}.Debug|x86.ActiveCfg = Debug|Any CPU
		{48FC9224-3B75-42E2-8736-99C8BDB323FC}.Debug|x86.Build.0 = Debug|Any CPU
		{48FC9224-3B75-42E2-8736-99C8BDB323FC}.Release|Any CPU.ActiveCfg = Release|Any CPU
		{48FC9224-3B75-42E2-8736-99C8BDB323FC}.Release|Any CPU.Build.0 = Release|Any CPU
		{48FC9224-3B75-42E2-8736-99C8BDB323FC}.Release|x64.ActiveCfg = Release|Any CPU
		{48FC9224-3B75-42E2-8736-99C8BDB323FC}.Release|x64.Build.0 = Release|Any CPU
		{48FC9224-3B75-42E2-8736-99C8BDB323FC}.Release|x86.ActiveCfg = Release|Any CPU
		{48FC9224-3B75-42E2-8736-99C8BDB323FC}.Release|x86.Build.0 = Release|Any CPU
	EndGlobalSection
EndGlobal
